
Microsoft Visual Studio Solution File, Format Version 12.00
# Visual Studio Version 17
VisualStudioVersion = 17.0.31903.59
MinimumVisualStudioVersion = 10.0.40219.1
Project("{9A19103F-16F7-4668-BE54-9A1E7A4F7556}") = "_build", "build\_build.csproj", "{54E9DA71-884C-47CB-8234-397722D49CBA}"
EndProject
Project("{2150E333-8FDC-42A3-9474-1A3956D46DE8}") = "00-solutionitems", "00-solutionitems", "{CFD2F704-18DC-4F75-9F91-DD4A58559AAA}"
EndProject
Project("{2150E333-8FDC-42A3-9474-1A3956D46DE8}") = "01-build", "01-build", "{28E1E0C8-E214-4118-B592-AE443DB7DFD9}"
	ProjectSection(SolutionItems) = preProject
		.github\workflows\continuous.yml = .github\workflows\continuous.yml
	EndProjectSection
EndProject
Project("{2150E333-8FDC-42A3-9474-1A3956D46DE8}") = "02-files", "02-files", "{DF741A65-666B-4814-9FF1-361E29BDCC75}"
	ProjectSection(SolutionItems) = preProject
		.gitignore = .gitignore
		Directory.Packages.props = Directory.Packages.props
		GitVersion.yml = GitVersion.yml
		README.md = README.md
		PackageReadme.md = PackageReadme.md
		Directory.Build.props = Directory.Build.props
		.editorconfig = .editorconfig
		PackageIcon.png = PackageIcon.png
		.config\dotnet-tools.json = .config\dotnet-tools.json
		global.json = global.json
		.junie\guidelines.md = .junie\guidelines.md
	EndProjectSection
EndProject
Project("{2150E333-8FDC-42A3-9474-1A3956D46DE8}") = "01-src", "01-src", "{499B92F7-0036-4B5C-AE09-BA6DE023EC76}"
EndProject
Project("{FAE04EC0-301F-11D3-BF4B-00C04F79EFBC}") = "ProtectedNumbers", "src\ProtectedNumbers\ProtectedNumbers.csproj", "{66B0C8CE-E238-470F-ABF5-0896D5367564}"
EndProject
Project("{2150E333-8FDC-42A3-9474-1A3956D46DE8}") = "02-tests", "02-tests", "{3A3D618C-D90D-4050-BF3D-68A67B0A75D7}"
EndProject
Project("{FAE04EC0-301F-11D3-BF4B-00C04F79EFBC}") = "ProtectedNumbers.Tests", "tst\ProtectedNumbers.Tests\ProtectedNumbers.Tests.csproj", "{029D532A-57A2-4E35-803E-A2071598C043}"
EndProject
Project("{2150E333-8FDC-42A3-9474-1A3956D46DE8}") = "03-samples", "03-samples", "{FCDBD854-E336-4DAD-9893-0DCD353FCA21}"
EndProject
Project("{FAE04EC0-301F-11D3-BF4B-00C04F79EFBC}") = "ProtectedNumbers.Samples", "samples\ProtectedNumbers.Samples\ProtectedNumbers.Samples.csproj", "{49437ECB-B026-4059-B235-C828D7578A40}"
EndProject
Project("{2150E333-8FDC-42A3-9474-1A3956D46DE8}") = "01-unit", "01-unit", "{07399998-14DD-4670-BB5D-7DE7A0F5CAD9}"
EndProject
Project("{2150E333-8FDC-42A3-9474-1A3956D46DE8}") = "02-end-to-end", "02-end-to-end", "{CF69D319-F7B4-4A0F-8931-7C926716CE53}"
EndProject
Project("{FAE04EC0-301F-11D3-BF4B-00C04F79EFBC}") = "ProtectedNumbers.Tests.EndToEnd.Shared", "tst\ProtectedNumbers.Tests.EndToEnd.Shared\ProtectedNumbers.Tests.EndToEnd.Shared.csproj", "{3A5781BC-DF65-4933-BA11-3C5EEC7D06E6}"
EndProject
Project("{FAE04EC0-301F-11D3-BF4B-00C04F79EFBC}") = "ProtectedNumbers.Tests.EndToEnd.WebApi.Net6", "tst\ProtectedNumbers.Tests.EndToEnd.WebApi.Net6\ProtectedNumbers.Tests.EndToEnd.WebApi.Net6.csproj", "{16A25C6F-4AA6-4CAA-9A3A-A7C08DB98450}"
EndProject
Project("{FAE04EC0-301F-11D3-BF4B-00C04F79EFBC}") = "ProtectedNumbers.Tests.EndToEnd.WebApi.Net8", "tst\ProtectedNumbers.Tests.EndToEnd.WebApi.Net8\ProtectedNumbers.Tests.EndToEnd.WebApi.Net8.csproj", "{4AE35AEB-0668-4DD7-B8EF-72CFB62C3F33}"
EndProject
Project("{FAE04EC0-301F-11D3-BF4B-00C04F79EFBC}") = "ProtectedNumbers.Tests.EndToEnd.WebApi.Net9", "tst\ProtectedNumbers.Tests.EndToEnd.WebApi.Net9\ProtectedNumbers.Tests.EndToEnd.WebApi.Net9.csproj", "{3F156108-2C1B-4840-868E-BB927A9EBBDC}"
EndProject
Project("{FAE04EC0-301F-11D3-BF4B-00C04F79EFBC}") = "ProtectedNumbers.Tests.EndToEnd.WebApi.Net10", "tst\ProtectedNumbers.Tests.EndToEnd.WebApi.Net10\ProtectedNumbers.Tests.EndToEnd.WebApi.Net10.csproj", "{6597682B-5D0E-430D-A317-E63961443F89}"
EndProject
Project("{FAE04EC0-301F-11D3-BF4B-00C04F79EFBC}") = "ProtectedNumbers.Tests.EndToEnd.AppHost", "tst\ProtectedNumbers.Tests.EndToEnd.AppHost\ProtectedNumbers.Tests.EndToEnd.AppHost.csproj", "{B7F72066-5054-44DA-8839-D01A89844381}"
EndProject
Project("{FAE04EC0-301F-11D3-BF4B-00C04F79EFBC}") = "ProtectedNumbers.Tests.EndToEnd.ServiceDefaults", "tst\ProtectedNumbers.Tests.EndToEnd.ServiceDefaults\ProtectedNumbers.Tests.EndToEnd.ServiceDefaults.csproj", "{AA7C47F8-5F0C-4440-A829-C7767E528BBD}"
EndProject
Project("{FAE04EC0-301F-11D3-BF4B-00C04F79EFBC}") = "ProtectedNumbers.Tests.EndToEnd", "tst\ProtectedNumbers.Tests.EndToEnd\ProtectedNumbers.Tests.EndToEnd.csproj", "{E5CFD612-400B-46C4-90EE-2318C43BAB8F}"
EndProject
Project("{2150E333-8FDC-42A3-9474-1A3956D46DE8}") = "01-aspire", "01-aspire", "{8B2CB553-CF4A-41DB-BFB2-6438150CBB16}"
EndProject
Project("{2150E333-8FDC-42A3-9474-1A3956D46DE8}") = "02-webapi", "02-webapi", "{DC5DF0BA-2F47-432B-941B-6A1DC0921E24}"
EndProject
Global
	GlobalSection(SolutionConfigurationPlatforms) = preSolution
		Debug|Any CPU = Debug|Any CPU
		Release|Any CPU = Release|Any CPU
	EndGlobalSection
	GlobalSection(ProjectConfigurationPlatforms) = postSolution
		{54E9DA71-884C-47CB-8234-397722D49CBA}.Debug|Any CPU.ActiveCfg = Debug|Any CPU
		{54E9DA71-884C-47CB-8234-397722D49CBA}.Release|Any CPU.ActiveCfg = Release|Any CPU
		{66B0C8CE-E238-470F-ABF5-0896D5367564}.Debug|Any CPU.ActiveCfg = Debug|Any CPU
		{66B0C8CE-E238-470F-ABF5-0896D5367564}.Debug|Any CPU.Build.0 = Debug|Any CPU
		{66B0C8CE-E238-470F-ABF5-0896D5367564}.Release|Any CPU.ActiveCfg = Release|Any CPU
		{66B0C8CE-E238-470F-ABF5-0896D5367564}.Release|Any CPU.Build.0 = Release|Any CPU
		{029D532A-57A2-4E35-803E-A2071598C043}.Debug|Any CPU.ActiveCfg = Debug|Any CPU
		{029D532A-57A2-4E35-803E-A2071598C043}.Debug|Any CPU.Build.0 = Debug|Any CPU
		{029D532A-57A2-4E35-803E-A2071598C043}.Release|Any CPU.ActiveCfg = Release|Any CPU
		{029D532A-57A2-4E35-803E-A2071598C043}.Release|Any CPU.Build.0 = Release|Any CPU
		{49437ECB-B026-4059-B235-C828D7578A40}.Debug|Any CPU.ActiveCfg = Debug|Any CPU
		{49437ECB-B026-4059-B235-C828D7578A40}.Debug|Any CPU.Build.0 = Debug|Any CPU
		{49437ECB-B026-4059-B235-C828D7578A40}.Release|Any CPU.ActiveCfg = Release|Any CPU
		{49437ECB-B026-4059-B235-C828D7578A40}.Release|Any CPU.Build.0 = Release|Any CPU
		{3A5781BC-DF65-4933-BA11-3C5EEC7D06E6}.Debug|Any CPU.ActiveCfg = Debug|Any CPU
		{3A5781BC-DF65-4933-BA11-3C5EEC7D06E6}.Debug|Any CPU.Build.0 = Debug|Any CPU
		{3A5781BC-DF65-4933-BA11-3C5EEC7D06E6}.Release|Any CPU.ActiveCfg = Release|Any CPU
		{3A5781BC-DF65-4933-BA11-3C5EEC7D06E6}.Release|Any CPU.Build.0 = Release|Any CPU
		{16A25C6F-4AA6-4CAA-9A3A-A7C08DB98450}.Debug|Any CPU.ActiveCfg = Debug|Any CPU
		{16A25C6F-4AA6-4CAA-9A3A-A7C08DB98450}.Debug|Any CPU.Build.0 = Debug|Any CPU
		{16A25C6F-4AA6-4CAA-9A3A-A7C08DB98450}.Release|Any CPU.ActiveCfg = Release|Any CPU
		{16A25C6F-4AA6-4CAA-9A3A-A7C08DB98450}.Release|Any CPU.Build.0 = Release|Any CPU
		{4AE35AEB-0668-4DD7-B8EF-72CFB62C3F33}.Debug|Any CPU.ActiveCfg = Debug|Any CPU
		{4AE35AEB-0668-4DD7-B8EF-72CFB62C3F33}.Debug|Any CPU.Build.0 = Debug|Any CPU
		{4AE35AEB-0668-4DD7-B8EF-72CFB62C3F33}.Release|Any CPU.ActiveCfg = Release|Any CPU
		{4AE35AEB-0668-4DD7-B8EF-72CFB62C3F33}.Release|Any CPU.Build.0 = Release|Any CPU
		{3F156108-2C1B-4840-868E-BB927A9EBBDC}.Debug|Any CPU.ActiveCfg = Debug|Any CPU
		{3F156108-2C1B-4840-868E-BB927A9EBBDC}.Debug|Any CPU.Build.0 = Debug|Any CPU
		{3F156108-2C1B-4840-868E-BB927A9EBBDC}.Release|Any CPU.ActiveCfg = Release|Any CPU
		{3F156108-2C1B-4840-868E-BB927A9EBBDC}.Release|Any CPU.Build.0 = Release|Any CPU
		{6597682B-5D0E-430D-A317-E63961443F89}.Debug|Any CPU.ActiveCfg = Debug|Any CPU
		{6597682B-5D0E-430D-A317-E63961443F89}.Debug|Any CPU.Build.0 = Debug|Any CPU
		{6597682B-5D0E-430D-A317-E63961443F89}.Release|Any CPU.ActiveCfg = Release|Any CPU
		{6597682B-5D0E-430D-A317-E63961443F89}.Release|Any CPU.Build.0 = Release|Any CPU
		{B7F72066-5054-44DA-8839-D01A89844381}.Debug|Any CPU.ActiveCfg = Debug|Any CPU
		{B7F72066-5054-44DA-8839-D01A89844381}.Debug|Any CPU.Build.0 = Debug|Any CPU
		{B7F72066-5054-44DA-8839-D01A89844381}.Release|Any CPU.ActiveCfg = Release|Any CPU
		{B7F72066-5054-44DA-8839-D01A89844381}.Release|Any CPU.Build.0 = Release|Any CPU
		{AA7C47F8-5F0C-4440-A829-C7767E528BBD}.Debug|Any CPU.ActiveCfg = Debug|Any CPU
		{AA7C47F8-5F0C-4440-A829-C7767E528BBD}.Debug|Any CPU.Build.0 = Debug|Any CPU
		{AA7C47F8-5F0C-4440-A829-C7767E528BBD}.Release|Any CPU.ActiveCfg = Release|Any CPU
		{AA7C47F8-5F0C-4440-A829-C7767E528BBD}.Release|Any CPU.Build.0 = Release|Any CPU
		{E5CFD612-400B-46C4-90EE-2318C43BAB8F}.Debug|Any CPU.ActiveCfg = Debug|Any CPU
		{E5CFD612-400B-46C4-90EE-2318C43BAB8F}.Debug|Any CPU.Build.0 = Debug|Any CPU
		{E5CFD612-400B-46C4-90EE-2318C43BAB8F}.Release|Any CPU.ActiveCfg = Release|Any CPU
		{E5CFD612-400B-46C4-90EE-2318C43BAB8F}.Release|Any CPU.Build.0 = Release|Any CPU
	EndGlobalSection
	GlobalSection(SolutionProperties) = preSolution
		HideSolutionNode = FALSE
	EndGlobalSection
	GlobalSection(NestedProjects) = preSolution
		{28E1E0C8-E214-4118-B592-AE443DB7DFD9} = {CFD2F704-18DC-4F75-9F91-DD4A58559AAA}
		{54E9DA71-884C-47CB-8234-397722D49CBA} = {28E1E0C8-E214-4118-B592-AE443DB7DFD9}
		{DF741A65-666B-4814-9FF1-361E29BDCC75} = {CFD2F704-18DC-4F75-9F91-DD4A58559AAA}
		{66B0C8CE-E238-470F-ABF5-0896D5367564} = {499B92F7-0036-4B5C-AE09-BA6DE023EC76}
		{49437ECB-B026-4059-B235-C828D7578A40} = {FCDBD854-E336-4DAD-9893-0DCD353FCA21}
		{07399998-14DD-4670-BB5D-7DE7A0F5CAD9} = {3A3D618C-D90D-4050-BF3D-68A67B0A75D7}
		{029D532A-57A2-4E35-803E-A2071598C043} = {07399998-14DD-4670-BB5D-7DE7A0F5CAD9}
		{CF69D319-F7B4-4A0F-8931-7C926716CE53} = {3A3D618C-D90D-4050-BF3D-68A67B0A75D7}
		{E5CFD612-400B-46C4-90EE-2318C43BAB8F} = {CF69D319-F7B4-4A0F-8931-7C926716CE53}
		{8B2CB553-CF4A-41DB-BFB2-6438150CBB16} = {CF69D319-F7B4-4A0F-8931-7C926716CE53}
		{B7F72066-5054-44DA-8839-D01A89844381} = {8B2CB553-CF4A-41DB-BFB2-6438150CBB16}
		{AA7C47F8-5F0C-4440-A829-C7767E528BBD} = {8B2CB553-CF4A-41DB-BFB2-6438150CBB16}
		{DC5DF0BA-2F47-432B-941B-6A1DC0921E24} = {CF69D319-F7B4-4A0F-8931-7C926716CE53}
		{16A25C6F-4AA6-4CAA-9A3A-A7C08DB98450} = {DC5DF0BA-2F47-432B-941B-6A1DC0921E24}
		{4AE35AEB-0668-4DD7-B8EF-72CFB62C3F33} = {DC5DF0BA-2F47-432B-941B-6A1DC0921E24}
		{3F156108-2C1B-4840-868E-BB927A9EBBDC} = {DC5DF0BA-2F47-432B-941B-6A1DC0921E24}
		{6597682B-5D0E-430D-A317-E63961443F89} = {DC5DF0BA-2F47-432B-941B-6A1DC0921E24}
		{3A5781BC-DF65-4933-BA11-3C5EEC7D06E6} = {DC5DF0BA-2F47-432B-941B-6A1DC0921E24}
	EndGlobalSection
EndGlobal
